// !$*UTF8*$!
{
	archiveVersion = 1;
	classes = {
	};
	objectVersion = 46;
	objects = {

/* Begin PBXBuildFile section */
		73FD95CF157DF93100C56498 /* UIKit.framework in Frameworks */ = {isa = PBXBuildFile; fileRef = 73FD95CE157DF93100C56498 /* UIKit.framework */; };
		73FD95D1157DF93100C56498 /* Foundation.framework in Frameworks */ = {isa = PBXBuildFile; fileRef = 73FD95D0157DF93100C56498 /* Foundation.framework */; };
		73FD95D3157DF93100C56498 /* CoreGraphics.framework in Frameworks */ = {isa = PBXBuildFile; fileRef = 73FD95D2157DF93100C56498 /* CoreGraphics.framework */; };
		73FD95D9157DF93100C56498 /* InfoPlist.strings in Resources */ = {isa = PBXBuildFile; fileRef = 73FD95D7157DF93100C56498 /* InfoPlist.strings */; };
		73FD95DB157DF93100C56498 /* main.m in Sources */ = {isa = PBXBuildFile; fileRef = 73FD95DA157DF93100C56498 /* main.m */; };
		73FD95DF157DF93100C56498 /* BNRHomepwnerAppDelegate.m in Sources */ = {isa = PBXBuildFile; fileRef = 73FD95DE157DF93100C56498 /* BNRHomepwnerAppDelegate.m */; };
		73FD95E7157DFA1B00C56498 /* ItemsViewController.m in Sources */ = {isa = PBXBuildFile; fileRef = 73FD95E6157DFA1A00C56498 /* ItemsViewController.m */; };
		73FD95EB157DFD1B00C56498 /* BNRItem.m in Sources */ = {isa = PBXBuildFile; fileRef = 73FD95EA157DFD1B00C56498 /* BNRItem.m */; };
		73FD95EE157E011A00C56498 /* BNRItemStore.m in Sources */ = {isa = PBXBuildFile; fileRef = 73FD95ED157E011A00C56498 /* BNRItemStore.m */; };
		73FD95F01581241B00C56498 /* GoldenGateBridge.jpg in Resources */ = {isa = PBXBuildFile; fileRef = 73FD95EF1581241B00C56498 /* GoldenGateBridge.jpg */; };
		73FD95F91585387D00C56498 /* DetailViewControllerViewController.m in Sources */ = {isa = PBXBuildFile; fileRef = 73FD95F71585387D00C56498 /* DetailViewControllerViewController.m */; };
		73FD95FA1585387D00C56498 /* DetailViewControllerViewController.xib in Resources */ = {isa = PBXBuildFile; fileRef = 73FD95F81585387D00C56498 /* DetailViewControllerViewController.xib */; };
		73FD95FE158647DD00C56498 /* ChangeDateViewController.m in Sources */ = {isa = PBXBuildFile; fileRef = 73FD95FC158647DD00C56498 /* ChangeDateViewController.m */; };
		73FD95FF158647DD00C56498 /* ChangeDateViewController.xib in Resources */ = {isa = PBXBuildFile; fileRef = 73FD95FD158647DD00C56498 /* ChangeDateViewController.xib */; };
		73FD96071586CF7400C56498 /* BNRImageStore.m in Sources */ = {isa = PBXBuildFile; fileRef = 73FD96061586CF7400C56498 /* BNRImageStore.m */; };
/* End PBXBuildFile section */

/* Begin PBXFileReference section */
		73FD95CA157DF93100C56498 /* BNRHomepwner.app */ = {isa = PBXFileReference; explicitFileType = wrapper.application; includeInIndex = 0; path = BNRHomepwner.app; sourceTree = BUILT_PRODUCTS_DIR; };
		73FD95CE157DF93100C56498 /* UIKit.framework */ = {isa = PBXFileReference; lastKnownFileType = wrapper.framework; name = UIKit.framework; path = System/Library/Frameworks/UIKit.framework; sourceTree = SDKROOT; };
		73FD95D0157DF93100C56498 /* Foundation.framework */ = {isa = PBXFileReference; lastKnownFileType = wrapper.framework; name = Foundation.framework; path = System/Library/Frameworks/Foundation.framework; sourceTree = SDKROOT; };
		73FD95D2157DF93100C56498 /* CoreGraphics.framework */ = {isa = PBXFileReference; lastKnownFileType = wrapper.framework; name = CoreGraphics.framework; path = System/Library/Frameworks/CoreGraphics.framework; sourceTree = SDKROOT; };
		73FD95D6157DF93100C56498 /* BNRHomepwner-Info.plist */ = {isa = PBXFileReference; lastKnownFileType = text.plist.xml; path = "BNRHomepwner-Info.plist"; sourceTree = "<group>"; };
		73FD95D8157DF93100C56498 /* en */ = {isa = PBXFileReference; lastKnownFileType = text.plist.strings; name = en; path = en.lproj/InfoPlist.strings; sourceTree = "<group>"; };
		73FD95DA157DF93100C56498 /* main.m */ = {isa = PBXFileReference; lastKnownFileType = sourcecode.c.objc; path = main.m; sourceTree = "<group>"; };
		73FD95DC157DF93100C56498 /* BNRHomepwner-Prefix.pch */ = {isa = PBXFileReference; lastKnownFileType = sourcecode.c.h; path = "BNRHomepwner-Prefix.pch"; sourceTree = "<group>"; };
		73FD95DD157DF93100C56498 /* BNRHomepwnerAppDelegate.h */ = {isa = PBXFileReference; lastKnownFileType = sourcecode.c.h; path = BNRHomepwnerAppDelegate.h; sourceTree = "<group>"; };
		73FD95DE157DF93100C56498 /* BNRHomepwnerAppDelegate.m */ = {isa = PBXFileReference; lastKnownFileType = sourcecode.c.objc; path = BNRHomepwnerAppDelegate.m; sourceTree = "<group>"; };
		73FD95E5157DFA1A00C56498 /* ItemsViewController.h */ = {isa = PBXFileReference; fileEncoding = 4; lastKnownFileType = sourcecode.c.h; path = ItemsViewController.h; sourceTree = "<group>"; };
		73FD95E6157DFA1A00C56498 /* ItemsViewController.m */ = {isa = PBXFileReference; fileEncoding = 4; lastKnownFileType = sourcecode.c.objc; path = ItemsViewController.m; sourceTree = "<group>"; };
		73FD95E9157DFD1B00C56498 /* BNRItem.h */ = {isa = PBXFileReference; fileEncoding = 4; lastKnownFileType = sourcecode.c.h; path = BNRItem.h; sourceTree = "<group>"; };
		73FD95EA157DFD1B00C56498 /* BNRItem.m */ = {isa = PBXFileReference; fileEncoding = 4; lastKnownFileType = sourcecode.c.objc; path = BNRItem.m; sourceTree = "<group>"; };
		73FD95EC157E011900C56498 /* BNRItemStore.h */ = {isa = PBXFileReference; fileEncoding = 4; lastKnownFileType = sourcecode.c.h; path = BNRItemStore.h; sourceTree = "<group>"; };
		73FD95ED157E011A00C56498 /* BNRItemStore.m */ = {isa = PBXFileReference; fileEncoding = 4; lastKnownFileType = sourcecode.c.objc; path = BNRItemStore.m; sourceTree = "<group>"; };
		73FD95EF1581241B00C56498 /* GoldenGateBridge.jpg */ = {isa = PBXFileReference; lastKnownFileType = image.jpeg; path = GoldenGateBridge.jpg; sourceTree = "<group>"; };
		73FD95F61585387D00C56498 /* DetailViewControllerViewController.h */ = {isa = PBXFileReference; fileEncoding = 4; lastKnownFileType = sourcecode.c.h; path = DetailViewControllerViewController.h; sourceTree = "<group>"; };
		73FD95F71585387D00C56498 /* DetailViewControllerViewController.m */ = {isa = PBXFileReference; fileEncoding = 4; lastKnownFileType = sourcecode.c.objc; path = DetailViewControllerViewController.m; sourceTree = "<group>"; };
		73FD95F81585387D00C56498 /* DetailViewControllerViewController.xib */ = {isa = PBXFileReference; fileEncoding = 4; lastKnownFileType = file.xib; path = DetailViewControllerViewController.xib; sourceTree = "<group>"; };
		73FD95FB158647DD00C56498 /* ChangeDateViewController.h */ = {isa = PBXFileReference; fileEncoding = 4; lastKnownFileType = sourcecode.c.h; path = ChangeDateViewController.h; sourceTree = "<group>"; };
		73FD95FC158647DD00C56498 /* ChangeDateViewController.m */ = {isa = PBXFileReference; fileEncoding = 4; lastKnownFileType = sourcecode.c.objc; path = ChangeDateViewController.m; sourceTree = "<group>"; };
		73FD95FD158647DD00C56498 /* ChangeDateViewController.xib */ = {isa = PBXFileReference; fileEncoding = 4; lastKnownFileType = file.xib; path = ChangeDateViewController.xib; sourceTree = "<group>"; };
		73FD96051586CF7400C56498 /* BNRImageStore.h */ = {isa = PBXFileReference; fileEncoding = 4; lastKnownFileType = sourcecode.c.h; path = BNRImageStore.h; sourceTree = "<group>"; };
		73FD96061586CF7400C56498 /* BNRImageStore.m */ = {isa = PBXFileReference; fileEncoding = 4; lastKnownFileType = sourcecode.c.objc; path = BNRImageStore.m; sourceTree = "<group>"; };
/* End PBXFileReference section */

/* Begin PBXFrameworksBuildPhase section */
		73FD95C7157DF93100C56498 /* Frameworks */ = {
			isa = PBXFrameworksBuildPhase;
			buildActionMask = 2147483647;
			files = (
				73FD95CF157DF93100C56498 /* UIKit.framework in Frameworks */,
				73FD95D1157DF93100C56498 /* Foundation.framework in Frameworks */,
				73FD95D3157DF93100C56498 /* CoreGraphics.framework in Frameworks */,
			);
			runOnlyForDeploymentPostprocessing = 0;
		};
/* End PBXFrameworksBuildPhase section */

/* Begin PBXGroup section */
		73FD95BF157DF93100C56498 = {
			isa = PBXGroup;
			children = (
				73FD95D4157DF93100C56498 /* BNRHomepwner */,
				73FD95CD157DF93100C56498 /* Frameworks */,
				73FD95CB157DF93100C56498 /* Products */,
			);
			sourceTree = "<group>";
		};
		73FD95CB157DF93100C56498 /* Products */ = {
			isa = PBXGroup;
			children = (
				73FD95CA157DF93100C56498 /* BNRHomepwner.app */,
			);
			name = Products;
			sourceTree = "<group>";
		};
		73FD95CD157DF93100C56498 /* Frameworks */ = {
			isa = PBXGroup;
			children = (
				73FD95CE157DF93100C56498 /* UIKit.framework */,
				73FD95D0157DF93100C56498 /* Foundation.framework */,
				73FD95D2157DF93100C56498 /* CoreGraphics.framework */,
			);
			name = Frameworks;
			sourceTree = "<group>";
		};
		73FD95D4157DF93100C56498 /* BNRHomepwner */ = {
			isa = PBXGroup;
			children = (
				73FD96051586CF7400C56498 /* BNRImageStore.h */,
				73FD96061586CF7400C56498 /* BNRImageStore.m */,
				73FD95EF1581241B00C56498 /* GoldenGateBridge.jpg */,
				73FD95E9157DFD1B00C56498 /* BNRItem.h */,
				73FD95EA157DFD1B00C56498 /* BNRItem.m */,
				73FD95EC157E011900C56498 /* BNRItemStore.h */,
				73FD95ED157E011A00C56498 /* BNRItemStore.m */,
				73FD95E8157DFA2D00C56498 /* Controllers */,
				73FD95F31581BB7400C56498 /* Views */,
				73FD95D5157DF93100C56498 /* Supporting Files */,
			);
			path = BNRHomepwner;
			sourceTree = "<group>";
		};
		73FD95D5157DF93100C56498 /* Supporting Files */ = {
			isa = PBXGroup;
			children = (
				73FD95D6157DF93100C56498 /* BNRHomepwner-Info.plist */,
				73FD95D7157DF93100C56498 /* InfoPlist.strings */,
				73FD95DA157DF93100C56498 /* main.m */,
				73FD95DC157DF93100C56498 /* BNRHomepwner-Prefix.pch */,
			);
			name = "Supporting Files";
			sourceTree = "<group>";
		};
		73FD95E8157DFA2D00C56498 /* Controllers */ = {
			isa = PBXGroup;
			children = (
				73FD95FB158647DD00C56498 /* ChangeDateViewController.h */,
				73FD95FC158647DD00C56498 /* ChangeDateViewController.m */,
				73FD95DD157DF93100C56498 /* BNRHomepwnerAppDelegate.h */,
				73FD95DE157DF93100C56498 /* BNRHomepwnerAppDelegate.m */,
				73FD95F61585387D00C56498 /* DetailViewControllerViewController.h */,
				73FD95F71585387D00C56498 /* DetailViewControllerViewController.m */,
				73FD95E5157DFA1A00C56498 /* ItemsViewController.h */,
				73FD95E6157DFA1A00C56498 /* ItemsViewController.m */,
			);
			name = Controllers;
			sourceTree = "<group>";
		};
		73FD95F31581BB7400C56498 /* Views */ = {
			isa = PBXGroup;
			children = (
				73FD95F81585387D00C56498 /* DetailViewControllerViewController.xib */,
				73FD95FD158647DD00C56498 /* ChangeDateViewController.xib */,
			);
			name = Views;
			sourceTree = "<group>";
		};
/* End PBXGroup section */

/* Begin PBXNativeTarget section */
		73FD95C9157DF93100C56498 /* BNRHomepwner */ = {
			isa = PBXNativeTarget;
			buildConfigurationList = 73FD95E2157DF93100C56498 /* Build configuration list for PBXNativeTarget "BNRHomepwner" */;
			buildPhases = (
				73FD95C6157DF93100C56498 /* Sources */,
				73FD95C7157DF93100C56498 /* Frameworks */,
				73FD95C8157DF93100C56498 /* Resources */,
			);
			buildRules = (
			);
			dependencies = (
			);
			name = BNRHomepwner;
			productName = BNRHomepwner;
			productReference = 73FD95CA157DF93100C56498 /* BNRHomepwner.app */;
			productType = "com.apple.product-type.application";
		};
/* End PBXNativeTarget section */

/* Begin PBXProject section */
		73FD95C1157DF93100C56498 /* Project object */ = {
			isa = PBXProject;
			attributes = {
				CLASSPREFIX = BNRHomepwner;
				LastUpgradeCheck = 0430;
			};
			buildConfigurationList = 73FD95C4157DF93100C56498 /* Build configuration list for PBXProject "BNRHomepwner" */;
			compatibilityVersion = "Xcode 3.2";
			developmentRegion = English;
			hasScannedForEncodings = 0;
			knownRegions = (
				en,
			);
			mainGroup = 73FD95BF157DF93100C56498;
			productRefGroup = 73FD95CB157DF93100C56498 /* Products */;
			projectDirPath = "";
			projectRoot = "";
			targets = (
				73FD95C9157DF93100C56498 /* BNRHomepwner */,
			);
		};
/* End PBXProject section */

/* Begin PBXResourcesBuildPhase section */
		73FD95C8157DF93100C56498 /* Resources */ = {
			isa = PBXResourcesBuildPhase;
			buildActionMask = 2147483647;
			files = (
				73FD95D9157DF93100C56498 /* InfoPlist.strings in Resources */,
				73FD95F01581241B00C56498 /* GoldenGateBridge.jpg in Resources */,
				73FD95FA1585387D00C56498 /* DetailViewControllerViewController.xib in Resources */,
				73FD95FF158647DD00C56498 /* ChangeDateViewController.xib in Resources */,
			);
			runOnlyForDeploymentPostprocessing = 0;
		};
/* End PBXResourcesBuildPhase section */

/* Begin PBXSourcesBuildPhase section */
		73FD95C6157DF93100C56498 /* Sources */ = {
			isa = PBXSourcesBuildPhase;
			buildActionMask = 2147483647;
			files = (
				73FD95DB157DF93100C56498 /* main.m in Sources */,
				73FD95DF157DF93100C56498 /* BNRHomepwnerAppDelegate.m in Sources */,
				73FD95E7157DFA1B00C56498 /* ItemsViewController.m in Sources */,
				73FD95EB157DFD1B00C56498 /* BNRItem.m in Sources */,
				73FD95EE157E011A00C56498 /* BNRItemStore.m in Sources */,
				73FD95F91585387D00C56498 /* DetailViewControllerViewController.m in Sources */,
				73FD95FE158647DD00C56498 /* ChangeDateViewController.m in Sources */,
				73FD96071586CF7400C56498 /* BNRImageStore.m in Sources */,
			);
			runOnlyForDeploymentPostprocessing = 0;
		};
/* End PBXSourcesBuildPhase section */

/* Begin PBXVariantGroup section */
		73FD95D7157DF93100C56498 /* InfoPlist.strings */ = {
			isa = PBXVariantGroup;
			children = (
				73FD95D8157DF93100C56498 /* en */,
			);
			name = InfoPlist.strings;
			sourceTree = "<group>";
		};
/* End PBXVariantGroup section */

/* Begin XCBuildConfiguration section */
		73FD95E0157DF93100C56498 /* Debug */ = {
			isa = XCBuildConfiguration;
			buildSettings = {
				ALWAYS_SEARCH_USER_PATHS = NO;
				ARCHS = "$(ARCHS_STANDARD_32_BIT)";
				CLANG_ENABLE_OBJC_ARC = YES;
				"CODE_SIGN_IDENTITY[sdk=iphoneos*]" = "iPhone Developer";
				COPY_PHASE_STRIP = NO;
				GCC_C_LANGUAGE_STANDARD = gnu99;
				GCC_DYNAMIC_NO_PIC = NO;
				GCC_OPTIMIZATION_LEVEL = 0;
				GCC_PREPROCESSOR_DEFINITIONS = (
					"DEBUG=1",
					"$(inherited)",
				);
				GCC_SYMBOLS_PRIVATE_EXTERN = NO;
				GCC_VERSION = com.apple.compilers.llvm.clang.1_0;
				GCC_WARN_ABOUT_RETURN_TYPE = YES;
				GCC_WARN_UNINITIALIZED_AUTOS = YES;
				GCC_WARN_UNUSED_VARIABLE = YES;
				IPHONEOS_DEPLOYMENT_TARGET = 5.1;
				SDKROOT = iphoneos;
			};
			name = Debug;
		};
		73FD95E1157DF93100C56498 /* Release */ = {
			isa = XCBuildConfiguration;
			buildSettings = {
				ALWAYS_SEARCH_USER_PATHS = NO;
				ARCHS = "$(ARCHS_STANDARD_32_BIT)";
				CLANG_ENABLE_OBJC_ARC = YES;
				"CODE_SIGN_IDENTITY[sdk=iphoneos*]" = "iPhone Developer";
				COPY_PHASE_STRIP = YES;
				GCC_C_LANGUAGE_STANDARD = gnu99;
				GCC_VERSION = com.apple.compilers.llvm.clang.1_0;
				GCC_WARN_ABOUT_RETURN_TYPE = YES;
				GCC_WARN_UNINITIALIZED_AUTOS = YES;
				GCC_WARN_UNUSED_VARIABLE = YES;
				IPHONEOS_DEPLOYMENT_TARGET = 5.1;
				OTHER_CFLAGS = "-DNS_BLOCK_ASSERTIONS=1";
				SDKROOT = iphoneos;
				VALIDATE_PRODUCT = YES;
			};
			name = Release;
		};
		73FD95E3157DF93100C56498 /* Debug */ = {
			isa = XCBuildConfiguration;
			buildSettings = {
				GCC_PRECOMPILE_PREFIX_HEADER = YES;
				GCC_PREFIX_HEADER = "BNRHomepwner/BNRHomepwner-Prefix.pch";
				INFOPLIST_FILE = "BNRHomepwner/BNRHomepwner-Info.plist";
				PRODUCT_NAME = "$(TARGET_NAME)";
				WRAPPER_EXTENSION = app;
			};
			name = Debug;
		};
		73FD95E4157DF93100C56498 /* Release */ = {
			isa = XCBuildConfiguration;
			buildSettings = {
				GCC_PRECOMPILE_PREFIX_HEADER = YES;
				GCC_PREFIX_HEADER = "BNRHomepwner/BNRHomepwner-Prefix.pch";
				INFOPLIST_FILE = "BNRHomepwner/BNRHomepwner-Info.plist";
				PRODUCT_NAME = "$(TARGET_NAME)";
				WRAPPER_EXTENSION = app;
			};
			name = Release;
		};
/* End XCBuildConfiguration section */

/* Begin XCConfigurationList section */
		73FD95C4157DF93100C56498 /* Build configuration list for PBXProject "BNRHomepwner" */ = {
			isa = XCConfigurationList;
			buildConfigurations = (
				73FD95E0157DF93100C56498 /* Debug */,
				73FD95E1157DF93100C56498 /* Release */,
			);
			defaultConfigurationIsVisible = 0;
			defaultConfigurationName = Release;
		};
		73FD95E2157DF93100C56498 /* Build configuration list for PBXNativeTarget "BNRHomepwner" */ = {
			isa = XCConfigurationList;
			buildConfigurations = (
				73FD95E3157DF93100C56498 /* Debug */,
				73FD95E4157DF93100C56498 /* Release */,
			);
			defaultConfigurationIsVisible = 0;
		};
/* End XCConfigurationList section */
	};
	rootObject = 73FD95C1157DF93100C56498 /* Project object */;
}
